
Microsoft Visual Studio Solution File, Format Version 12.00
# Visual Studio Version 17
VisualStudioVersion = 17.5.33502.453
MinimumVisualStudioVersion = 10.0.40219.1
Project("{FAE04EC0-301F-11D3-BF4B-00C04F79EFBC}") = "MainApp", "MainApp\MainApp.csproj", "{0DA0A6DD-76D1-4C9A-875F-DECFF4B94637}"
EndProject
Project("{FAE04EC0-301F-11D3-BF4B-00C04F79EFBC}") = "MessageRouter", "MessageRouter\MessageRouter.csproj", "{A961FFED-B457-42C1-B521-6B301130977E}"
EndProject
Project("{FAE04EC0-301F-11D3-BF4B-00C04F79EFBC}") = "MonitorProcessor", "MonitorProcessor\MonitorProcessor.csproj", "{BD5441BB-1042-4F90-8EAF-5061A659568F}"
EndProject
Global
	GlobalSection(SolutionConfigurationPlatforms) = preSolution
		Debug|Any CPU = Debug|Any CPU
		Release|Any CPU = Release|Any CPU
	EndGlobalSection
	GlobalSection(ProjectConfigurationPlatforms) = postSolution
		{0DA0A6DD-76D1-4C9A-875F-DECFF4B94637}.Debug|Any CPU.ActiveCfg = Debug|Any CPU
		{0DA0A6DD-76D1-4C9A-875F-DECFF4B94637}.Debug|Any CPU.Build.0 = Debug|Any CPU
		{0DA0A6DD-76D1-4C9A-875F-DECFF4B94637}.Release|Any CPU.ActiveCfg = Release|Any CPU
		{0DA0A6DD-76D1-4C9A-875F-DECFF4B94637}.Release|Any CPU.Build.0 = Release|Any CPU
		{A961FFED-B457-42C1-B521-6B301130977E}.Debug|Any CPU.ActiveCfg = Debug|Any CPU
		{A961FFED-B457-42C1-B521-6B301130977E}.Debug|Any CPU.Build.0 = Debug|Any CPU
		{A961FFED-B457-42C1-B521-6B301130977E}.Release|Any CPU.ActiveCfg = Release|Any CPU
		{A961FFED-B457-42C1-B521-6B301130977E}.Release|Any CPU.Build.0 = Release|Any CPU
		{BD5441BB-1042-4F90-8EAF-5061A659568F}.Debug|Any CPU.ActiveCfg = Debug|Any CPU
		{BD5441BB-1042-4F90-8EAF-5061A659568F}.Debug|Any CPU.Build.0 = Debug|Any CPU
		{BD5441BB-1042-4F90-8EAF-5061A659568F}.Release|Any CPU.ActiveCfg = Release|Any CPU
		{BD5441BB-1042-4F90-8EAF-5061A659568F}.Release|Any CPU.Build.0 = Release|Any CPU
	EndGlobalSection
	GlobalSection(SolutionProperties) = preSolution
		HideSolutionNode = FALSE
	EndGlobalSection
	GlobalSection(ExtensibilityGlobals) = postSolution
		SolutionGuid = {44D80AF0-86A0-4C16-8D9D-4C14EEC9E1C2}
	EndGlobalSection
EndGlobal
